{
  "nodes": {
    "dotfiles": {
      "flake": false,
      "locked": {
        "lastModified": 1740772323,
        "narHash": "sha256-EodLyzk5fn6dnKDa+8QJAvCiK6ORMx4MIej5pytyjLE=",
        "owner": "Chaustere",
        "repo": "dotfiles",
        "rev": "96dd722a7d971813662ff3b1c362134eabeeeff1",
        "type": "github"
      },
      "original": {
        "owner": "Chaustere",
        "ref": "main",
        "repo": "dotfiles",
        "type": "github"
      }
    },
    "home-manager": {
      "inputs": {
        "nixpkgs": [
          "nixpkgs"
        ]
      },
      "locked": {
        "lastModified": 1740699498,
        "narHash": "sha256-r9hkKzX99CGiP1ZqH0e+SWKK4CMsRNRLyotuwrUjhTI=",
        "owner": "nix-community",
        "repo": "home-manager",
        "rev": "b71edac7a3167026aabea82a54d08b1794088c21",
        "type": "github"
      },
      "original": {
        "owner": "nix-community",
        "ref": "master",
        "repo": "home-manager",
        "type": "github"
      }
    },
    "nixos-user": {
      "locked": {
        "lastModified": 1740780728,
        "narHash": "sha256-+iESRKp+GwW5qUYMiSq9KucrU8qFy90D/j9Ys4IpUhw=",
        "ref": "refs/heads/master",
        "rev": "c137bdd69a75cb1f8cda6d32f0e891f5ed66107f",
        "shallow": true,
        "type": "git",
        "url": "ssh://git@github.com/Chaustere/nixos-user.git"
      },
      "original": {
        "shallow": true,
        "type": "git",
        "url": "ssh://git@github.com/Chaustere/nixos-user.git"
      }
    },
    "nixpkgs": {
      "locked": {
        "lastModified": 1740560979,
        "narHash": "sha256-Vr3Qi346M+8CjedtbyUevIGDZW8LcA1fTG0ugPY/Hic=",
        "owner": "nixos",
        "repo": "nixpkgs",
        "rev": "5135c59491985879812717f4c9fea69604e7f26f",
        "type": "github"
      },
      "original": {
        "owner": "nixos",
        "ref": "nixos-unstable",
        "repo": "nixpkgs",
        "type": "github"
      }
    },
    "root": {
      "inputs": {
        "dotfiles": "dotfiles",
        "home-manager": "home-manager",
        "nixos-user": "nixos-user",
        "nixpkgs": "nixpkgs"
      }
    }
  },
  "root": "root",
  "version": 7
}
